
Microsoft Visual Studio Solution File, Format Version 12.00
# Visual Studio Version 17
VisualStudioVersion = 17.9.34728.123
MinimumVisualStudioVersion = 10.0.40219.1
Project("{2150E333-8FDC-42A3-9474-1A3956D46DE8}") = "BuildingBlocks", "BuildingBlocks", "{77ACCEDE-75CE-418F-9DE2-5C78F0BE07B2}"
EndProject
Project("{2150E333-8FDC-42A3-9474-1A3956D46DE8}") = "ApiGateways", "ApiGateways", "{6F6C13B4-F15B-4295-8B92-DA5C7F42AA92}"
EndProject
Project("{2150E333-8FDC-42A3-9474-1A3956D46DE8}") = "Services", "Services", "{8D3DD967-E224-4628-879D-60B474AD88F2}"
EndProject
Project("{2150E333-8FDC-42A3-9474-1A3956D46DE8}") = "Catalog", "Catalog", "{4752B3C7-96A9-4C66-B4D7-8CFD60A18571}"
EndProject
Project("{2150E333-8FDC-42A3-9474-1A3956D46DE8}") = "Ordering", "Ordering", "{07C7C0D8-8AAE-4487-B55B-F5B0F1BA0F3C}"
EndProject
Project("{2150E333-8FDC-42A3-9474-1A3956D46DE8}") = "Basket", "Basket", "{2C546235-58E1-4383-9E5E-F9B352B59AD5}"
EndProject
Project("{9A19103F-16F7-4668-BE54-9A1E7A4F7556}") = "Basket.API", "Services\Basket\Basket.API\Basket.API.csproj", "{E56BDD2C-775B-4B32-BDAC-8BCDF12E2737}"
EndProject
Project("{9A19103F-16F7-4668-BE54-9A1E7A4F7556}") = "Catalog.API", "Services\Catalog\Catalog.API\Catalog.API.csproj", "{08923016-971E-400A-A002-D2D335CC16B2}"
EndProject
Project("{9A19103F-16F7-4668-BE54-9A1E7A4F7556}") = "Ordering.API", "Services\Ordering\Ordering.API\Ordering.API.csproj", "{B36441F7-06D9-48DE-8CF4-F7C3B0291E6B}"
EndProject
Project("{E53339B2-1760-4266-BCC7-CA923CBCF16C}") = "docker-compose", "docker-compose.dcproj", "{76B6E9B8-942E-4D6A-B570-8C5D0F7FA320}"
EndProject
Project("{9A19103F-16F7-4668-BE54-9A1E7A4F7556}") = "BuildingBlock", "BuildingBlocks\BuildingBlock\BuildingBlock.csproj", "{B6A493EF-F80C-4A60-B319-3EA4281A5BF4}"
EndProject
Project("{9A19103F-16F7-4668-BE54-9A1E7A4F7556}") = "BuildingBlock.Caching", "BuildingBlocks\BuildingBlock.Caching\BuildingBlock.Caching.csproj", "{8E88F28D-E7DB-49B5-8678-E2BFC2DDB8A1}"
EndProject
Project("{9A19103F-16F7-4668-BE54-9A1E7A4F7556}") = "BuildingBlock.Messaging", "BuildingBlocks\BuildingBlock.Messaging\BuildingBlock.Messaging.csproj", "{A887E54E-7423-4BEC-BEE6-7D24C7C401CE}"
EndProject
Project("{2150E333-8FDC-42A3-9474-1A3956D46DE8}") = "Storage", "Storage", "{D6CF769A-108C-4315-988D-37882D335D91}"
EndProject
Project("{9A19103F-16F7-4668-BE54-9A1E7A4F7556}") = "Storage.API", "Services\Storage\Storage.API\Storage.API.csproj", "{69C760D6-F64D-4A0F-B572-0A182C41A2C3}"
EndProject
Project("{2150E333-8FDC-42A3-9474-1A3956D46DE8}") = "Identity", "Identity", "{01D3395D-F37A-4E38-BC7C-9D1A2B354EF1}"
EndProject
Project("{9A19103F-16F7-4668-BE54-9A1E7A4F7556}") = "Identity.API", "Services\Identity\Identity.API\Identity.API.csproj", "{D3101244-B638-44B6-850B-C6C386D0CB9F}"
EndProject
Project("{2150E333-8FDC-42A3-9474-1A3956D46DE8}") = "Promotion", "Promotion", "{3A83F7BC-B948-4F21-9F4E-0A4FE5C8A6CB}"
EndProject
Project("{9A19103F-16F7-4668-BE54-9A1E7A4F7556}") = "Promotion.API", "Services\Promotion\Promotion.API\Promotion.API.csproj", "{BF7576CA-8383-41F2-B265-360FAD06EDAB}"
EndProject
Project("{9A19103F-16F7-4668-BE54-9A1E7A4F7556}") = "Catalog.Domain", "Services\Catalog\Catalog.Domain\Catalog.Domain.csproj", "{8DEEF7C9-5AEC-4E44-8C2F-B35485BB3533}"
EndProject
Project("{9A19103F-16F7-4668-BE54-9A1E7A4F7556}") = "Catalog.Application", "Services\Catalog\Catalog.Application\Catalog.Application.csproj", "{590E9EA8-DD46-41C3-B148-0859C476EA95}"
EndProject
Project("{9A19103F-16F7-4668-BE54-9A1E7A4F7556}") = "Catalog.Infrastructure", "Services\Catalog\Catalog.Infrastructure\Catalog.Infrastructure.csproj", "{30F06FBC-31B6-4705-A5A7-C2B3A658E55D}"
EndProject
Project("{2150E333-8FDC-42A3-9474-1A3956D46DE8}") = "Event", "Event", "{AC385970-EB18-405D-A143-673690CCDFF9}"
EndProject
Project("{9A19103F-16F7-4668-BE54-9A1E7A4F7556}") = "Event.API", "Services\Event\Event.API\Event.API.csproj", "{90575400-F9C8-4231-8027-3D0428A1EAAE}"
EndProject
Project("{9A19103F-16F7-4668-BE54-9A1E7A4F7556}") = "YarpApiGateway", "ApiGateways\YarpApiGateway\YarpApiGateway.csproj", "{F40546D1-71CB-400F-B824-162791D8652B}"
EndProject
Project("{9A19103F-16F7-4668-BE54-9A1E7A4F7556}") = "BuildingBlock.Grpc", "BuildingBlocks\BuildingBlock.Grpc\BuildingBlock.Grpc.csproj", "{7E483350-8FC0-4A81-AE7A-DB1EE5A4C15A}"
EndProject
Global
	GlobalSection(SolutionConfigurationPlatforms) = preSolution
		Debug|Any CPU = Debug|Any CPU
		Release|Any CPU = Release|Any CPU
	EndGlobalSection
	GlobalSection(ProjectConfigurationPlatforms) = postSolution
		{E56BDD2C-775B-4B32-BDAC-8BCDF12E2737}.Debug|Any CPU.ActiveCfg = Debug|Any CPU
		{E56BDD2C-775B-4B32-BDAC-8BCDF12E2737}.Debug|Any CPU.Build.0 = Debug|Any CPU
		{E56BDD2C-775B-4B32-BDAC-8BCDF12E2737}.Release|Any CPU.ActiveCfg = Release|Any CPU
		{E56BDD2C-775B-4B32-BDAC-8BCDF12E2737}.Release|Any CPU.Build.0 = Release|Any CPU
		{08923016-971E-400A-A002-D2D335CC16B2}.Debug|Any CPU.ActiveCfg = Debug|Any CPU
		{08923016-971E-400A-A002-D2D335CC16B2}.Debug|Any CPU.Build.0 = Debug|Any CPU
		{08923016-971E-400A-A002-D2D335CC16B2}.Release|Any CPU.ActiveCfg = Release|Any CPU
		{08923016-971E-400A-A002-D2D335CC16B2}.Release|Any CPU.Build.0 = Release|Any CPU
		{B36441F7-06D9-48DE-8CF4-F7C3B0291E6B}.Debug|Any CPU.ActiveCfg = Debug|Any CPU
		{B36441F7-06D9-48DE-8CF4-F7C3B0291E6B}.Debug|Any CPU.Build.0 = Debug|Any CPU
		{B36441F7-06D9-48DE-8CF4-F7C3B0291E6B}.Release|Any CPU.ActiveCfg = Release|Any CPU
		{B36441F7-06D9-48DE-8CF4-F7C3B0291E6B}.Release|Any CPU.Build.0 = Release|Any CPU
		{76B6E9B8-942E-4D6A-B570-8C5D0F7FA320}.Debug|Any CPU.ActiveCfg = Debug|Any CPU
		{76B6E9B8-942E-4D6A-B570-8C5D0F7FA320}.Debug|Any CPU.Build.0 = Debug|Any CPU
		{76B6E9B8-942E-4D6A-B570-8C5D0F7FA320}.Release|Any CPU.ActiveCfg = Release|Any CPU
		{76B6E9B8-942E-4D6A-B570-8C5D0F7FA320}.Release|Any CPU.Build.0 = Release|Any CPU
		{B6A493EF-F80C-4A60-B319-3EA4281A5BF4}.Debug|Any CPU.ActiveCfg = Debug|Any CPU
		{B6A493EF-F80C-4A60-B319-3EA4281A5BF4}.Debug|Any CPU.Build.0 = Debug|Any CPU
		{B6A493EF-F80C-4A60-B319-3EA4281A5BF4}.Release|Any CPU.ActiveCfg = Release|Any CPU
		{B6A493EF-F80C-4A60-B319-3EA4281A5BF4}.Release|Any CPU.Build.0 = Release|Any CPU
		{8E88F28D-E7DB-49B5-8678-E2BFC2DDB8A1}.Debug|Any CPU.ActiveCfg = Debug|Any CPU
		{8E88F28D-E7DB-49B5-8678-E2BFC2DDB8A1}.Debug|Any CPU.Build.0 = Debug|Any CPU
		{8E88F28D-E7DB-49B5-8678-E2BFC2DDB8A1}.Release|Any CPU.ActiveCfg = Release|Any CPU
		{8E88F28D-E7DB-49B5-8678-E2BFC2DDB8A1}.Release|Any CPU.Build.0 = Release|Any CPU
		{A887E54E-7423-4BEC-BEE6-7D24C7C401CE}.Debug|Any CPU.ActiveCfg = Debug|Any CPU
		{A887E54E-7423-4BEC-BEE6-7D24C7C401CE}.Debug|Any CPU.Build.0 = Debug|Any CPU
		{A887E54E-7423-4BEC-BEE6-7D24C7C401CE}.Release|Any CPU.ActiveCfg = Release|Any CPU
		{A887E54E-7423-4BEC-BEE6-7D24C7C401CE}.Release|Any CPU.Build.0 = Release|Any CPU
		{69C760D6-F64D-4A0F-B572-0A182C41A2C3}.Debug|Any CPU.ActiveCfg = Debug|Any CPU
		{69C760D6-F64D-4A0F-B572-0A182C41A2C3}.Debug|Any CPU.Build.0 = Debug|Any CPU
		{69C760D6-F64D-4A0F-B572-0A182C41A2C3}.Release|Any CPU.ActiveCfg = Release|Any CPU
		{69C760D6-F64D-4A0F-B572-0A182C41A2C3}.Release|Any CPU.Build.0 = Release|Any CPU
		{D3101244-B638-44B6-850B-C6C386D0CB9F}.Debug|Any CPU.ActiveCfg = Debug|Any CPU
		{D3101244-B638-44B6-850B-C6C386D0CB9F}.Debug|Any CPU.Build.0 = Debug|Any CPU
		{D3101244-B638-44B6-850B-C6C386D0CB9F}.Release|Any CPU.ActiveCfg = Release|Any CPU
		{D3101244-B638-44B6-850B-C6C386D0CB9F}.Release|Any CPU.Build.0 = Release|Any CPU
		{BF7576CA-8383-41F2-B265-360FAD06EDAB}.Debug|Any CPU.ActiveCfg = Debug|Any CPU
		{BF7576CA-8383-41F2-B265-360FAD06EDAB}.Debug|Any CPU.Build.0 = Debug|Any CPU
		{BF7576CA-8383-41F2-B265-360FAD06EDAB}.Release|Any CPU.ActiveCfg = Release|Any CPU
		{BF7576CA-8383-41F2-B265-360FAD06EDAB}.Release|Any CPU.Build.0 = Release|Any CPU
		{8DEEF7C9-5AEC-4E44-8C2F-B35485BB3533}.Debug|Any CPU.ActiveCfg = Debug|Any CPU
		{8DEEF7C9-5AEC-4E44-8C2F-B35485BB3533}.Debug|Any CPU.Build.0 = Debug|Any CPU
		{8DEEF7C9-5AEC-4E44-8C2F-B35485BB3533}.Release|Any CPU.ActiveCfg = Release|Any CPU
		{8DEEF7C9-5AEC-4E44-8C2F-B35485BB3533}.Release|Any CPU.Build.0 = Release|Any CPU
		{590E9EA8-DD46-41C3-B148-0859C476EA95}.Debug|Any CPU.ActiveCfg = Debug|Any CPU
		{590E9EA8-DD46-41C3-B148-0859C476EA95}.Debug|Any CPU.Build.0 = Debug|Any CPU
		{590E9EA8-DD46-41C3-B148-0859C476EA95}.Release|Any CPU.ActiveCfg = Release|Any CPU
		{590E9EA8-DD46-41C3-B148-0859C476EA95}.Release|Any CPU.Build.0 = Release|Any CPU
		{30F06FBC-31B6-4705-A5A7-C2B3A658E55D}.Debug|Any CPU.ActiveCfg = Debug|Any CPU
		{30F06FBC-31B6-4705-A5A7-C2B3A658E55D}.Debug|Any CPU.Build.0 = Debug|Any CPU
		{30F06FBC-31B6-4705-A5A7-C2B3A658E55D}.Release|Any CPU.ActiveCfg = Release|Any CPU
		{30F06FBC-31B6-4705-A5A7-C2B3A658E55D}.Release|Any CPU.Build.0 = Release|Any CPU
		{90575400-F9C8-4231-8027-3D0428A1EAAE}.Debug|Any CPU.ActiveCfg = Debug|Any CPU
		{90575400-F9C8-4231-8027-3D0428A1EAAE}.Debug|Any CPU.Build.0 = Debug|Any CPU
		{90575400-F9C8-4231-8027-3D0428A1EAAE}.Release|Any CPU.ActiveCfg = Release|Any CPU
		{90575400-F9C8-4231-8027-3D0428A1EAAE}.Release|Any CPU.Build.0 = Release|Any CPU
		{F40546D1-71CB-400F-B824-162791D8652B}.Debug|Any CPU.ActiveCfg = Debug|Any CPU
		{F40546D1-71CB-400F-B824-162791D8652B}.Debug|Any CPU.Build.0 = Debug|Any CPU
		{F40546D1-71CB-400F-B824-162791D8652B}.Release|Any CPU.ActiveCfg = Release|Any CPU
		{F40546D1-71CB-400F-B824-162791D8652B}.Release|Any CPU.Build.0 = Release|Any CPU
		{7E483350-8FC0-4A81-AE7A-DB1EE5A4C15A}.Debug|Any CPU.ActiveCfg = Debug|Any CPU
		{7E483350-8FC0-4A81-AE7A-DB1EE5A4C15A}.Debug|Any CPU.Build.0 = Debug|Any CPU
		{7E483350-8FC0-4A81-AE7A-DB1EE5A4C15A}.Release|Any CPU.ActiveCfg = Release|Any CPU
		{7E483350-8FC0-4A81-AE7A-DB1EE5A4C15A}.Release|Any CPU.Build.0 = Release|Any CPU
	EndGlobalSection
	GlobalSection(SolutionProperties) = preSolution
		HideSolutionNode = FALSE
	EndGlobalSection
	GlobalSection(NestedProjects) = preSolution
		{4752B3C7-96A9-4C66-B4D7-8CFD60A18571} = {8D3DD967-E224-4628-879D-60B474AD88F2}
		{07C7C0D8-8AAE-4487-B55B-F5B0F1BA0F3C} = {8D3DD967-E224-4628-879D-60B474AD88F2}
		{2C546235-58E1-4383-9E5E-F9B352B59AD5} = {8D3DD967-E224-4628-879D-60B474AD88F2}
		{E56BDD2C-775B-4B32-BDAC-8BCDF12E2737} = {2C546235-58E1-4383-9E5E-F9B352B59AD5}
		{08923016-971E-400A-A002-D2D335CC16B2} = {4752B3C7-96A9-4C66-B4D7-8CFD60A18571}
		{B36441F7-06D9-48DE-8CF4-F7C3B0291E6B} = {07C7C0D8-8AAE-4487-B55B-F5B0F1BA0F3C}
		{B6A493EF-F80C-4A60-B319-3EA4281A5BF4} = {77ACCEDE-75CE-418F-9DE2-5C78F0BE07B2}
		{8E88F28D-E7DB-49B5-8678-E2BFC2DDB8A1} = {77ACCEDE-75CE-418F-9DE2-5C78F0BE07B2}
		{A887E54E-7423-4BEC-BEE6-7D24C7C401CE} = {77ACCEDE-75CE-418F-9DE2-5C78F0BE07B2}
		{D6CF769A-108C-4315-988D-37882D335D91} = {8D3DD967-E224-4628-879D-60B474AD88F2}
		{69C760D6-F64D-4A0F-B572-0A182C41A2C3} = {D6CF769A-108C-4315-988D-37882D335D91}
		{01D3395D-F37A-4E38-BC7C-9D1A2B354EF1} = {8D3DD967-E224-4628-879D-60B474AD88F2}
		{D3101244-B638-44B6-850B-C6C386D0CB9F} = {01D3395D-F37A-4E38-BC7C-9D1A2B354EF1}
		{3A83F7BC-B948-4F21-9F4E-0A4FE5C8A6CB} = {8D3DD967-E224-4628-879D-60B474AD88F2}
		{BF7576CA-8383-41F2-B265-360FAD06EDAB} = {3A83F7BC-B948-4F21-9F4E-0A4FE5C8A6CB}
		{8DEEF7C9-5AEC-4E44-8C2F-B35485BB3533} = {4752B3C7-96A9-4C66-B4D7-8CFD60A18571}
		{590E9EA8-DD46-41C3-B148-0859C476EA95} = {4752B3C7-96A9-4C66-B4D7-8CFD60A18571}
		{30F06FBC-31B6-4705-A5A7-C2B3A658E55D} = {4752B3C7-96A9-4C66-B4D7-8CFD60A18571}
		{AC385970-EB18-405D-A143-673690CCDFF9} = {8D3DD967-E224-4628-879D-60B474AD88F2}
		{90575400-F9C8-4231-8027-3D0428A1EAAE} = {AC385970-EB18-405D-A143-673690CCDFF9}
		{F40546D1-71CB-400F-B824-162791D8652B} = {6F6C13B4-F15B-4295-8B92-DA5C7F42AA92}
		{7E483350-8FC0-4A81-AE7A-DB1EE5A4C15A} = {77ACCEDE-75CE-418F-9DE2-5C78F0BE07B2}
	EndGlobalSection
	GlobalSection(ExtensibilityGlobals) = postSolution
		SolutionGuid = {E020E6BF-25B3-4020-B33B-C1CDC4DB562B}
	EndGlobalSection
EndGlobal
